
Microsoft Visual Studio Solution File, Format Version 12.00
# Visual Studio Version 16
VisualStudioVersion = 16.0.31829.152
MinimumVisualStudioVersion = 10.0.40219.1
Project("{FAE04EC0-301F-11D3-BF4B-00C04F79EFBC}") = "AbstractForm", "AbstractForm\AbstractForm.csproj", "{A9F2771F-A400-4CEF-9E63-9703E3FD743D}"
EndProject
Global
	GlobalSection(SolutionConfigurationPlatforms) = preSolution
		Debug|Any CPU = Debug|Any CPU
		Release|Any CPU = Release|Any CPU
	EndGlobalSection
	GlobalSection(ProjectConfigurationPlatforms) = postSolution
		{A9F2771F-A400-4CEF-9E63-9703E3FD743D}.Debug|Any CPU.ActiveCfg = Debug|Any CPU
		{A9F2771F-A400-4CEF-9E63-9703E3FD743D}.Debug|Any CPU.Build.0 = Debug|Any CPU
		{A9F2771F-A400-4CEF-9E63-9703E3FD743D}.Release|Any CPU.ActiveCfg = Release|Any CPU
		{A9F2771F-A400-4CEF-9E63-9703E3FD743D}.Release|Any CPU.Build.0 = Release|Any CPU
	EndGlobalSection
	GlobalSection(SolutionProperties) = preSolution
		HideSolutionNode = FALSE
	EndGlobalSection
	GlobalSection(ExtensibilityGlobals) = postSolution
		SolutionGuid = {DCF57B39-EBE8-4292-913D-60BF53455F40}
	EndGlobalSection
EndGlobal
